// !$*UTF8*$!
{
	archiveVersion = 1;
	classes = {
	};
	objectVersion = 46;
	objects = {

/* Begin PBXBuildFile section */
		8555C4701C66706800D9599D /* AppDelegate.swift in Sources */ = {isa = PBXBuildFile; fileRef = 8555C46F1C66706800D9599D /* AppDelegate.swift */; };
		8555C4721C66706800D9599D /* GameScene.sks in Resources */ = {isa = PBXBuildFile; fileRef = 8555C4711C66706800D9599D /* GameScene.sks */; };
		8555C4741C66706800D9599D /* GameScene.swift in Sources */ = {isa = PBXBuildFile; fileRef = 8555C4731C66706800D9599D /* GameScene.swift */; };
		8555C4761C66706800D9599D /* GameViewController.swift in Sources */ = {isa = PBXBuildFile; fileRef = 8555C4751C66706800D9599D /* GameViewController.swift */; };
		8555C4791C66706800D9599D /* Main.storyboard in Resources */ = {isa = PBXBuildFile; fileRef = 8555C4771C66706800D9599D /* Main.storyboard */; };
		8555C47B1C66706800D9599D /* Assets.xcassets in Resources */ = {isa = PBXBuildFile; fileRef = 8555C47A1C66706800D9599D /* Assets.xcassets */; };
		8555C47E1C66706800D9599D /* LaunchScreen.storyboard in Resources */ = {isa = PBXBuildFile; fileRef = 8555C47C1C66706800D9599D /* LaunchScreen.storyboard */; };
		8555C4A31C66707000D9599D /* background.jpg in Resources */ = {isa = PBXBuildFile; fileRef = 8555C4861C66707000D9599D /* background.jpg */; };
		8555C4A41C66707000D9599D /* background@2x.jpg in Resources */ = {isa = PBXBuildFile; fileRef = 8555C4871C66707000D9599D /* background@2x.jpg */; };
		8555C4A51C66707000D9599D /* ballBlue.png in Resources */ = {isa = PBXBuildFile; fileRef = 8555C4881C66707000D9599D /* ballBlue.png */; };
		8555C4A61C66707000D9599D /* ballBlue@2x.png in Resources */ = {isa = PBXBuildFile; fileRef = 8555C4891C66707000D9599D /* ballBlue@2x.png */; };
		8555C4A71C66707000D9599D /* ballCyan.png in Resources */ = {isa = PBXBuildFile; fileRef = 8555C48A1C66707000D9599D /* ballCyan.png */; };
		8555C4A81C66707000D9599D /* ballCyan@2x.png in Resources */ = {isa = PBXBuildFile; fileRef = 8555C48B1C66707000D9599D /* ballCyan@2x.png */; };
		8555C4A91C66707000D9599D /* ballGreen.png in Resources */ = {isa = PBXBuildFile; fileRef = 8555C48C1C66707000D9599D /* ballGreen.png */; };
		8555C4AA1C66707000D9599D /* ballGreen@2x.png in Resources */ = {isa = PBXBuildFile; fileRef = 8555C48D1C66707000D9599D /* ballGreen@2x.png */; };
		8555C4AB1C66707000D9599D /* ballGrey.png in Resources */ = {isa = PBXBuildFile; fileRef = 8555C48E1C66707000D9599D /* ballGrey.png */; };
		8555C4AC1C66707000D9599D /* ballGrey@2x.png in Resources */ = {isa = PBXBuildFile; fileRef = 8555C48F1C66707000D9599D /* ballGrey@2x.png */; };
		8555C4AD1C66707000D9599D /* ballPurple.png in Resources */ = {isa = PBXBuildFile; fileRef = 8555C4901C66707000D9599D /* ballPurple.png */; };
		8555C4AE1C66707000D9599D /* ballPurple@2x.png in Resources */ = {isa = PBXBuildFile; fileRef = 8555C4911C66707000D9599D /* ballPurple@2x.png */; };
		8555C4AF1C66707000D9599D /* ballRed.png in Resources */ = {isa = PBXBuildFile; fileRef = 8555C4921C66707000D9599D /* ballRed.png */; };
		8555C4B01C66707000D9599D /* ballRed@2x.png in Resources */ = {isa = PBXBuildFile; fileRef = 8555C4931C66707000D9599D /* ballRed@2x.png */; };
		8555C4B11C66707000D9599D /* ballYellow.png in Resources */ = {isa = PBXBuildFile; fileRef = 8555C4941C66707000D9599D /* ballYellow.png */; };
		8555C4B21C66707000D9599D /* ballYellow@2x.png in Resources */ = {isa = PBXBuildFile; fileRef = 8555C4951C66707000D9599D /* ballYellow@2x.png */; };
		8555C4B31C66707000D9599D /* bgnew.jpg in Resources */ = {isa = PBXBuildFile; fileRef = 8555C4961C66707000D9599D /* bgnew.jpg */; };
		8555C4B41C66707000D9599D /* bouncer.png in Resources */ = {isa = PBXBuildFile; fileRef = 8555C4971C66707000D9599D /* bouncer.png */; };
		8555C4B51C66707000D9599D /* bouncer@2x.png in Resources */ = {isa = PBXBuildFile; fileRef = 8555C4981C66707000D9599D /* bouncer@2x.png */; };
		8555C4B61C66707000D9599D /* FireParticles.sks in Resources */ = {isa = PBXBuildFile; fileRef = 8555C4991C66707000D9599D /* FireParticles.sks */; };
		8555C4B71C66707000D9599D /* slotBaseBad.png in Resources */ = {isa = PBXBuildFile; fileRef = 8555C49A1C66707000D9599D /* slotBaseBad.png */; };
		8555C4B81C66707000D9599D /* slotBaseBad@2x.png in Resources */ = {isa = PBXBuildFile; fileRef = 8555C49B1C66707000D9599D /* slotBaseBad@2x.png */; };
		8555C4B91C66707000D9599D /* slotBaseGood.png in Resources */ = {isa = PBXBuildFile; fileRef = 8555C49C1C66707000D9599D /* slotBaseGood.png */; };
		8555C4BA1C66707000D9599D /* slotBaseGood@2x.png in Resources */ = {isa = PBXBuildFile; fileRef = 8555C49D1C66707000D9599D /* slotBaseGood@2x.png */; };
		8555C4BB1C66707000D9599D /* slotGlowBad.png in Resources */ = {isa = PBXBuildFile; fileRef = 8555C49E1C66707000D9599D /* slotGlowBad.png */; };
		8555C4BC1C66707000D9599D /* slotGlowBad@2x.png in Resources */ = {isa = PBXBuildFile; fileRef = 8555C49F1C66707000D9599D /* slotGlowBad@2x.png */; };
		8555C4BD1C66707000D9599D /* slotGlowGood.png in Resources */ = {isa = PBXBuildFile; fileRef = 8555C4A01C66707000D9599D /* slotGlowGood.png */; };
		8555C4BE1C66707000D9599D /* slotGlowGood@2x.png in Resources */ = {isa = PBXBuildFile; fileRef = 8555C4A11C66707000D9599D /* slotGlowGood@2x.png */; };
		8555C4BF1C66707000D9599D /* spark.png in Resources */ = {isa = PBXBuildFile; fileRef = 8555C4A21C66707000D9599D /* spark.png */; };
		8555C4C11C667CAC00D9599D /* Helper.swift in Sources */ = {isa = PBXBuildFile; fileRef = 8555C4C01C667CAC00D9599D /* Helper.swift */; };
/* End PBXBuildFile section */

/* Begin PBXFileReference section */
		8555C46C1C66706800D9599D /* Pachinko!.app */ = {isa = PBXFileReference; explicitFileType = wrapper.application; includeInIndex = 0; path = "Pachinko!.app"; sourceTree = BUILT_PRODUCTS_DIR; };
		8555C46F1C66706800D9599D /* AppDelegate.swift */ = {isa = PBXFileReference; lastKnownFileType = sourcecode.swift; path = AppDelegate.swift; sourceTree = "<group>"; };
		8555C4711C66706800D9599D /* GameScene.sks */ = {isa = PBXFileReference; lastKnownFileType = file.sks; path = GameScene.sks; sourceTree = "<group>"; };
		8555C4731C66706800D9599D /* GameScene.swift */ = {isa = PBXFileReference; lastKnownFileType = sourcecode.swift; path = GameScene.swift; sourceTree = "<group>"; };
		8555C4751C66706800D9599D /* GameViewController.swift */ = {isa = PBXFileReference; lastKnownFileType = sourcecode.swift; path = GameViewController.swift; sourceTree = "<group>"; };
		8555C4781C66706800D9599D /* Base */ = {isa = PBXFileReference; lastKnownFileType = file.storyboard; name = Base; path = Base.lproj/Main.storyboard; sourceTree = "<group>"; };
		8555C47A1C66706800D9599D /* Assets.xcassets */ = {isa = PBXFileReference; lastKnownFileType = folder.assetcatalog; path = Assets.xcassets; sourceTree = "<group>"; };
		8555C47D1C66706800D9599D /* Base */ = {isa = PBXFileReference; lastKnownFileType = file.storyboard; name = Base; path = Base.lproj/LaunchScreen.storyboard; sourceTree = "<group>"; };
		8555C47F1C66706800D9599D /* Info.plist */ = {isa = PBXFileReference; lastKnownFileType = text.plist.xml; path = Info.plist; sourceTree = "<group>"; };
		8555C4861C66707000D9599D /* background.jpg */ = {isa = PBXFileReference; lastKnownFileType = image.jpeg; path = background.jpg; sourceTree = "<group>"; };
		8555C4871C66707000D9599D /* background@2x.jpg */ = {isa = PBXFileReference; lastKnownFileType = image.jpeg; path = "background@2x.jpg"; sourceTree = "<group>"; };
		8555C4881C66707000D9599D /* ballBlue.png */ = {isa = PBXFileReference; lastKnownFileType = image.png; path = ballBlue.png; sourceTree = "<group>"; };
		8555C4891C66707000D9599D /* ballBlue@2x.png */ = {isa = PBXFileReference; lastKnownFileType = image.png; path = "ballBlue@2x.png"; sourceTree = "<group>"; };
		8555C48A1C66707000D9599D /* ballCyan.png */ = {isa = PBXFileReference; lastKnownFileType = image.png; path = ballCyan.png; sourceTree = "<group>"; };
		8555C48B1C66707000D9599D /* ballCyan@2x.png */ = {isa = PBXFileReference; lastKnownFileType = image.png; path = "ballCyan@2x.png"; sourceTree = "<group>"; };
		8555C48C1C66707000D9599D /* ballGreen.png */ = {isa = PBXFileReference; lastKnownFileType = image.png; path = ballGreen.png; sourceTree = "<group>"; };
		8555C48D1C66707000D9599D /* ballGreen@2x.png */ = {isa = PBXFileReference; lastKnownFileType = image.png; path = "ballGreen@2x.png"; sourceTree = "<group>"; };
		8555C48E1C66707000D9599D /* ballGrey.png */ = {isa = PBXFileReference; lastKnownFileType = image.png; path = ballGrey.png; sourceTree = "<group>"; };
		8555C48F1C66707000D9599D /* ballGrey@2x.png */ = {isa = PBXFileReference; lastKnownFileType = image.png; path = "ballGrey@2x.png"; sourceTree = "<group>"; };
		8555C4901C66707000D9599D /* ballPurple.png */ = {isa = PBXFileReference; lastKnownFileType = image.png; path = ballPurple.png; sourceTree = "<group>"; };
		8555C4911C66707000D9599D /* ballPurple@2x.png */ = {isa = PBXFileReference; lastKnownFileType = image.png; path = "ballPurple@2x.png"; sourceTree = "<group>"; };
		8555C4921C66707000D9599D /* ballRed.png */ = {isa = PBXFileReference; lastKnownFileType = image.png; path = ballRed.png; sourceTree = "<group>"; };
		8555C4931C66707000D9599D /* ballRed@2x.png */ = {isa = PBXFileReference; lastKnownFileType = image.png; path = "ballRed@2x.png"; sourceTree = "<group>"; };
		8555C4941C66707000D9599D /* ballYellow.png */ = {isa = PBXFileReference; lastKnownFileType = image.png; path = ballYellow.png; sourceTree = "<group>"; };
		8555C4951C66707000D9599D /* ballYellow@2x.png */ = {isa = PBXFileReference; lastKnownFileType = image.png; path = "ballYellow@2x.png"; sourceTree = "<group>"; };
		8555C4961C66707000D9599D /* bgnew.jpg */ = {isa = PBXFileReference; lastKnownFileType = image.jpeg; path = bgnew.jpg; sourceTree = "<group>"; };
		8555C4971C66707000D9599D /* bouncer.png */ = {isa = PBXFileReference; lastKnownFileType = image.png; path = bouncer.png; sourceTree = "<group>"; };
		8555C4981C66707000D9599D /* bouncer@2x.png */ = {isa = PBXFileReference; lastKnownFileType = image.png; path = "bouncer@2x.png"; sourceTree = "<group>"; };
		8555C4991C66707000D9599D /* FireParticles.sks */ = {isa = PBXFileReference; lastKnownFileType = file.sks; path = FireParticles.sks; sourceTree = "<group>"; };
		8555C49A1C66707000D9599D /* slotBaseBad.png */ = {isa = PBXFileReference; lastKnownFileType = image.png; path = slotBaseBad.png; sourceTree = "<group>"; };
		8555C49B1C66707000D9599D /* slotBaseBad@2x.png */ = {isa = PBXFileReference; lastKnownFileType = image.png; path = "slotBaseBad@2x.png"; sourceTree = "<group>"; };
		8555C49C1C66707000D9599D /* slotBaseGood.png */ = {isa = PBXFileReference; lastKnownFileType = image.png; path = slotBaseGood.png; sourceTree = "<group>"; };
		8555C49D1C66707000D9599D /* slotBaseGood@2x.png */ = {isa = PBXFileReference; lastKnownFileType = image.png; path = "slotBaseGood@2x.png"; sourceTree = "<group>"; };
		8555C49E1C66707000D9599D /* slotGlowBad.png */ = {isa = PBXFileReference; lastKnownFileType = image.png; path = slotGlowBad.png; sourceTree = "<group>"; };
		8555C49F1C66707000D9599D /* slotGlowBad@2x.png */ = {isa = PBXFileReference; lastKnownFileType = image.png; path = "slotGlowBad@2x.png"; sourceTree = "<group>"; };
		8555C4A01C66707000D9599D /* slotGlowGood.png */ = {isa = PBXFileReference; lastKnownFileType = image.png; path = slotGlowGood.png; sourceTree = "<group>"; };
		8555C4A11C66707000D9599D /* slotGlowGood@2x.png */ = {isa = PBXFileReference; lastKnownFileType = image.png; path = "slotGlowGood@2x.png"; sourceTree = "<group>"; };
		8555C4A21C66707000D9599D /* spark.png */ = {isa = PBXFileReference; lastKnownFileType = image.png; path = spark.png; sourceTree = "<group>"; };
		8555C4C01C667CAC00D9599D /* Helper.swift */ = {isa = PBXFileReference; fileEncoding = 4; lastKnownFileType = sourcecode.swift; path = Helper.swift; sourceTree = "<group>"; };
/* End PBXFileReference section */

/* Begin PBXFrameworksBuildPhase section */
		8555C4691C66706800D9599D /* Frameworks */ = {
			isa = PBXFrameworksBuildPhase;
			buildActionMask = 2147483647;
			files = (
			);
			runOnlyForDeploymentPostprocessing = 0;
		};
/* End PBXFrameworksBuildPhase section */

/* Begin PBXGroup section */
		8555C4631C66706800D9599D = {
			isa = PBXGroup;
			children = (
				8555C46E1C66706800D9599D /* Pachinko! */,
				8555C46D1C66706800D9599D /* Products */,
				8555C4851C66707000D9599D /* Content */,
			);
			sourceTree = "<group>";
		};
		8555C46D1C66706800D9599D /* Products */ = {
			isa = PBXGroup;
			children = (
				8555C46C1C66706800D9599D /* Pachinko!.app */,
			);
			name = Products;
			sourceTree = "<group>";
		};
		8555C46E1C66706800D9599D /* Pachinko! */ = {
			isa = PBXGroup;
			children = (
				8555C46F1C66706800D9599D /* AppDelegate.swift */,
				8555C4711C66706800D9599D /* GameScene.sks */,
				8555C4731C66706800D9599D /* GameScene.swift */,
				8555C4751C66706800D9599D /* GameViewController.swift */,
				8555C4C01C667CAC00D9599D /* Helper.swift */,
				8555C4771C66706800D9599D /* Main.storyboard */,
				8555C47A1C66706800D9599D /* Assets.xcassets */,
				8555C47C1C66706800D9599D /* LaunchScreen.storyboard */,
				8555C47F1C66706800D9599D /* Info.plist */,
			);
			path = "Pachinko!";
			sourceTree = "<group>";
		};
		8555C4851C66707000D9599D /* Content */ = {
			isa = PBXGroup;
			children = (
				8555C4861C66707000D9599D /* background.jpg */,
				8555C4871C66707000D9599D /* background@2x.jpg */,
				8555C4881C66707000D9599D /* ballBlue.png */,
				8555C4891C66707000D9599D /* ballBlue@2x.png */,
				8555C48A1C66707000D9599D /* ballCyan.png */,
				8555C48B1C66707000D9599D /* ballCyan@2x.png */,
				8555C48C1C66707000D9599D /* ballGreen.png */,
				8555C48D1C66707000D9599D /* ballGreen@2x.png */,
				8555C48E1C66707000D9599D /* ballGrey.png */,
				8555C48F1C66707000D9599D /* ballGrey@2x.png */,
				8555C4901C66707000D9599D /* ballPurple.png */,
				8555C4911C66707000D9599D /* ballPurple@2x.png */,
				8555C4921C66707000D9599D /* ballRed.png */,
				8555C4931C66707000D9599D /* ballRed@2x.png */,
				8555C4941C66707000D9599D /* ballYellow.png */,
				8555C4951C66707000D9599D /* ballYellow@2x.png */,
				8555C4961C66707000D9599D /* bgnew.jpg */,
				8555C4971C66707000D9599D /* bouncer.png */,
				8555C4981C66707000D9599D /* bouncer@2x.png */,
				8555C4991C66707000D9599D /* FireParticles.sks */,
				8555C49A1C66707000D9599D /* slotBaseBad.png */,
				8555C49B1C66707000D9599D /* slotBaseBad@2x.png */,
				8555C49C1C66707000D9599D /* slotBaseGood.png */,
				8555C49D1C66707000D9599D /* slotBaseGood@2x.png */,
				8555C49E1C66707000D9599D /* slotGlowBad.png */,
				8555C49F1C66707000D9599D /* slotGlowBad@2x.png */,
				8555C4A01C66707000D9599D /* slotGlowGood.png */,
				8555C4A11C66707000D9599D /* slotGlowGood@2x.png */,
				8555C4A21C66707000D9599D /* spark.png */,
			);
			path = Content;
			sourceTree = "<group>";
		};
/* End PBXGroup section */

/* Begin PBXNativeTarget section */
		8555C46B1C66706800D9599D /* Pachinko! */ = {
			isa = PBXNativeTarget;
			buildConfigurationList = 8555C4821C66706800D9599D /* Build configuration list for PBXNativeTarget "Pachinko!" */;
			buildPhases = (
				8555C4681C66706800D9599D /* Sources */,
				8555C4691C66706800D9599D /* Frameworks */,
				8555C46A1C66706800D9599D /* Resources */,
			);
			buildRules = (
			);
			dependencies = (
			);
			name = "Pachinko!";
			productName = "Pachinko!";
			productReference = 8555C46C1C66706800D9599D /* Pachinko!.app */;
			productType = "com.apple.product-type.application";
		};
/* End PBXNativeTarget section */

/* Begin PBXProject section */
		8555C4641C66706800D9599D /* Project object */ = {
			isa = PBXProject;
			attributes = {
				LastSwiftUpdateCheck = 0720;
				LastUpgradeCheck = 0720;
				ORGANIZATIONNAME = "Thomas Le";
				TargetAttributes = {
					8555C46B1C66706800D9599D = {
						CreatedOnToolsVersion = 7.2;
						DevelopmentTeam = D257YZMABH;
					};
				};
			};
			buildConfigurationList = 8555C4671C66706800D9599D /* Build configuration list for PBXProject "Pachinko!" */;
			compatibilityVersion = "Xcode 3.2";
			developmentRegion = English;
			hasScannedForEncodings = 0;
			knownRegions = (
				en,
				Base,
			);
			mainGroup = 8555C4631C66706800D9599D;
			productRefGroup = 8555C46D1C66706800D9599D /* Products */;
			projectDirPath = "";
			projectRoot = "";
			targets = (
				8555C46B1C66706800D9599D /* Pachinko! */,
			);
		};
/* End PBXProject section */

/* Begin PBXResourcesBuildPhase section */
		8555C46A1C66706800D9599D /* Resources */ = {
			isa = PBXResourcesBuildPhase;
			buildActionMask = 2147483647;
			files = (
				8555C4B31C66707000D9599D /* bgnew.jpg in Resources */,
				8555C4AC1C66707000D9599D /* ballGrey@2x.png in Resources */,
				8555C4AE1C66707000D9599D /* ballPurple@2x.png in Resources */,
				8555C4A71C66707000D9599D /* ballCyan.png in Resources */,
				8555C4721C66706800D9599D /* GameScene.sks in Resources */,
				8555C4B81C66707000D9599D /* slotBaseBad@2x.png in Resources */,
				8555C4B51C66707000D9599D /* bouncer@2x.png in Resources */,
				8555C4B71C66707000D9599D /* slotBaseBad.png in Resources */,
				8555C4A51C66707000D9599D /* ballBlue.png in Resources */,
				8555C4BC1C66707000D9599D /* slotGlowBad@2x.png in Resources */,
				8555C4B21C66707000D9599D /* ballYellow@2x.png in Resources */,
				8555C4BB1C66707000D9599D /* slotGlowBad.png in Resources */,
				8555C4A31C66707000D9599D /* background.jpg in Resources */,
				8555C4AF1C66707000D9599D /* ballRed.png in Resources */,
				8555C4B01C66707000D9599D /* ballRed@2x.png in Resources */,
				8555C47E1C66706800D9599D /* LaunchScreen.storyboard in Resources */,
				8555C47B1C66706800D9599D /* Assets.xcassets in Resources */,
				8555C4B11C66707000D9599D /* ballYellow.png in Resources */,
				8555C4A91C66707000D9599D /* ballGreen.png in Resources */,
				8555C4A41C66707000D9599D /* background@2x.jpg in Resources */,
				8555C4BE1C66707000D9599D /* slotGlowGood@2x.png in Resources */,
				8555C4791C66706800D9599D /* Main.storyboard in Resources */,
				8555C4BF1C66707000D9599D /* spark.png in Resources */,
				8555C4AB1C66707000D9599D /* ballGrey.png in Resources */,
				8555C4BD1C66707000D9599D /* slotGlowGood.png in Resources */,
				8555C4AA1C66707000D9599D /* ballGreen@2x.png in Resources */,
				8555C4B41C66707000D9599D /* bouncer.png in Resources */,
				8555C4BA1C66707000D9599D /* slotBaseGood@2x.png in Resources */,
				8555C4A81C66707000D9599D /* ballCyan@2x.png in Resources */,
				8555C4B61C66707000D9599D /* FireParticles.sks in Resources */,
				8555C4AD1C66707000D9599D /* ballPurple.png in Resources */,
				8555C4A61C66707000D9599D /* ballBlue@2x.png in Resources */,
				8555C4B91C66707000D9599D /* slotBaseGood.png in Resources */,
			);
			runOnlyForDeploymentPostprocessing = 0;
		};
/* End PBXResourcesBuildPhase section */

/* Begin PBXSourcesBuildPhase section */
		8555C4681C66706800D9599D /* Sources */ = {
			isa = PBXSourcesBuildPhase;
			buildActionMask = 2147483647;
			files = (
				8555C4741C66706800D9599D /* GameScene.swift in Sources */,
				8555C4761C66706800D9599D /* GameViewController.swift in Sources */,
				8555C4701C66706800D9599D /* AppDelegate.swift in Sources */,
				8555C4C11C667CAC00D9599D /* Helper.swift in Sources */,
			);
			runOnlyForDeploymentPostprocessing = 0;
		};
/* End PBXSourcesBuildPhase section */

/* Begin PBXVariantGroup section */
		8555C4771C66706800D9599D /* Main.storyboard */ = {
			isa = PBXVariantGroup;
			children = (
				8555C4781C66706800D9599D /* Base */,
			);
			name = Main.storyboard;
			sourceTree = "<group>";
		};
		8555C47C1C66706800D9599D /* LaunchScreen.storyboard */ = {
			isa = PBXVariantGroup;
			children = (
				8555C47D1C66706800D9599D /* Base */,
			);
			name = LaunchScreen.storyboard;
			sourceTree = "<group>";
		};
/* End PBXVariantGroup section */

/* Begin XCBuildConfiguration section */
		8555C4801C66706800D9599D /* Debug */ = {
			isa = XCBuildConfiguration;
			buildSettings = {
				ALWAYS_SEARCH_USER_PATHS = NO;
				CLANG_CXX_LANGUAGE_STANDARD = "gnu++0x";
				CLANG_CXX_LIBRARY = "libc++";
				CLANG_ENABLE_MODULES = YES;
				CLANG_ENABLE_OBJC_ARC = YES;
				CLANG_WARN_BOOL_CONVERSION = YES;
				CLANG_WARN_CONSTANT_CONVERSION = YES;
				CLANG_WARN_DIRECT_OBJC_ISA_USAGE = YES_ERROR;
				CLANG_WARN_EMPTY_BODY = YES;
				CLANG_WARN_ENUM_CONVERSION = YES;
				CLANG_WARN_INT_CONVERSION = YES;
				CLANG_WARN_OBJC_ROOT_CLASS = YES_ERROR;
				CLANG_WARN_UNREACHABLE_CODE = YES;
				CLANG_WARN__DUPLICATE_METHOD_MATCH = YES;
				"CODE_SIGN_IDENTITY[sdk=iphoneos*]" = "iPhone Developer";
				COPY_PHASE_STRIP = NO;
				DEBUG_INFORMATION_FORMAT = "dwarf-with-dsym";
				ENABLE_STRICT_OBJC_MSGSEND = YES;
				ENABLE_TESTABILITY = YES;
				GCC_C_LANGUAGE_STANDARD = gnu99;
				GCC_DYNAMIC_NO_PIC = NO;
				GCC_NO_COMMON_BLOCKS = YES;
				GCC_OPTIMIZATION_LEVEL = 0;
				GCC_PREPROCESSOR_DEFINITIONS = (
					"DEBUG=1",
					"$(inherited)",
				);
				GCC_WARN_64_TO_32_BIT_CONVERSION = YES;
				GCC_WARN_ABOUT_RETURN_TYPE = YES_ERROR;
				GCC_WARN_UNDECLARED_SELECTOR = YES;
				GCC_WARN_UNINITIALIZED_AUTOS = YES_AGGRESSIVE;
				GCC_WARN_UNUSED_FUNCTION = YES;
				GCC_WARN_UNUSED_VARIABLE = YES;
				IPHONEOS_DEPLOYMENT_TARGET = 9.2;
				MTL_ENABLE_DEBUG_INFO = YES;
				ONLY_ACTIVE_ARCH = YES;
				SDKROOT = iphoneos;
				SWIFT_OPTIMIZATION_LEVEL = "-Onone";
				TARGETED_DEVICE_FAMILY = 2;
			};
			name = Debug;
		};
		8555C4811C66706800D9599D /* Release */ = {
			isa = XCBuildConfiguration;
			buildSettings = {
				ALWAYS_SEARCH_USER_PATHS = NO;
				CLANG_CXX_LANGUAGE_STANDARD = "gnu++0x";
				CLANG_CXX_LIBRARY = "libc++";
				CLANG_ENABLE_MODULES = YES;
				CLANG_ENABLE_OBJC_ARC = YES;
				CLANG_WARN_BOOL_CONVERSION = YES;
				CLANG_WARN_CONSTANT_CONVERSION = YES;
				CLANG_WARN_DIRECT_OBJC_ISA_USAGE = YES_ERROR;
				CLANG_WARN_EMPTY_BODY = YES;
				CLANG_WARN_ENUM_CONVERSION = YES;
				CLANG_WARN_INT_CONVERSION = YES;
				CLANG_WARN_OBJC_ROOT_CLASS = YES_ERROR;
				CLANG_WARN_UNREACHABLE_CODE = YES;
				CLANG_WARN__DUPLICATE_METHOD_MATCH = YES;
				"CODE_SIGN_IDENTITY[sdk=iphoneos*]" = "iPhone Developer";
				COPY_PHASE_STRIP = NO;
				DEBUG_INFORMATION_FORMAT = "dwarf-with-dsym";
				ENABLE_NS_ASSERTIONS = NO;
				ENABLE_STRICT_OBJC_MSGSEND = YES;
				GCC_C_LANGUAGE_STANDARD = gnu99;
				GCC_NO_COMMON_BLOCKS = YES;
				GCC_WARN_64_TO_32_BIT_CONVERSION = YES;
				GCC_WARN_ABOUT_RETURN_TYPE = YES_ERROR;
				GCC_WARN_UNDECLARED_SELECTOR = YES;
				GCC_WARN_UNINITIALIZED_AUTOS = YES_AGGRESSIVE;
				GCC_WARN_UNUSED_FUNCTION = YES;
				GCC_WARN_UNUSED_VARIABLE = YES;
				IPHONEOS_DEPLOYMENT_TARGET = 9.2;
				MTL_ENABLE_DEBUG_INFO = NO;
				SDKROOT = iphoneos;
				TARGETED_DEVICE_FAMILY = 2;
				VALIDATE_PRODUCT = YES;
			};
			name = Release;
		};
		8555C4831C66706800D9599D /* Debug */ = {
			isa = XCBuildConfiguration;
			buildSettings = {
				ASSETCATALOG_COMPILER_APPICON_NAME = AppIcon;
				INFOPLIST_FILE = "Pachinko!/Info.plist";
				LD_RUNPATH_SEARCH_PATHS = "$(inherited) @executable_path/Frameworks";
				PRODUCT_BUNDLE_IDENTIFIER = "com.thomastri.Pachinko-";
				PRODUCT_NAME = "$(TARGET_NAME)";
				TARGETED_DEVICE_FAMILY = "1,2";
			};
			name = Debug;
		};
		8555C4841C66706800D9599D /* Release */ = {
			isa = XCBuildConfiguration;
			buildSettings = {
				ASSETCATALOG_COMPILER_APPICON_NAME = AppIcon;
				INFOPLIST_FILE = "Pachinko!/Info.plist";
				LD_RUNPATH_SEARCH_PATHS = "$(inherited) @executable_path/Frameworks";
				PRODUCT_BUNDLE_IDENTIFIER = "com.thomastri.Pachinko-";
				PRODUCT_NAME = "$(TARGET_NAME)";
				TARGETED_DEVICE_FAMILY = "1,2";
			};
			name = Release;
		};
/* End XCBuildConfiguration section */

/* Begin XCConfigurationList section */
		8555C4671C66706800D9599D /* Build configuration list for PBXProject "Pachinko!" */ = {
			isa = XCConfigurationList;
			buildConfigurations = (
				8555C4801C66706800D9599D /* Debug */,
				8555C4811C66706800D9599D /* Release */,
			);
			defaultConfigurationIsVisible = 0;
			defaultConfigurationName = Release;
		};
		8555C4821C66706800D9599D /* Build configuration list for PBXNativeTarget "Pachinko!" */ = {
			isa = XCConfigurationList;
			buildConfigurations = (
				8555C4831C66706800D9599D /* Debug */,
				8555C4841C66706800D9599D /* Release */,
			);
			defaultConfigurationIsVisible = 0;
		};
/* End XCConfigurationList section */
	};
	rootObject = 8555C4641C66706800D9599D /* Project object */;
}
